// !$*UTF8*$!
{
	archiveVersion = 1;
	classes = {
	};
	objectVersion = 46;
	objects = {

/* Begin PBXBuildFile section */
		551D0CDA1E5D3806000D0696 /* main.m in Sources */ = {isa = PBXBuildFile; fileRef = 551D0CD91E5D3806000D0696 /* main.m */; };
		551D0CDD1E5D3806000D0696 /* AppDelegate.m in Sources */ = {isa = PBXBuildFile; fileRef = 551D0CDC1E5D3806000D0696 /* AppDelegate.m */; };
		551D0CE01E5D3806000D0696 /* ViewController.m in Sources */ = {isa = PBXBuildFile; fileRef = 551D0CDF1E5D3806000D0696 /* ViewController.m */; };
		551D0CE31E5D3806000D0696 /* Main.storyboard in Resources */ = {isa = PBXBuildFile; fileRef = 551D0CE11E5D3806000D0696 /* Main.storyboard */; };
		551D0CE51E5D3806000D0696 /* Assets.xcassets in Resources */ = {isa = PBXBuildFile; fileRef = 551D0CE41E5D3806000D0696 /* Assets.xcassets */; };
		551D0CE81E5D3806000D0696 /* LaunchScreen.storyboard in Resources */ = {isa = PBXBuildFile; fileRef = 551D0CE61E5D3806000D0696 /* LaunchScreen.storyboard */; };
		551D0CF31E5D3807000D0696 /* YJYYLocationManagerTests.m in Sources */ = {isa = PBXBuildFile; fileRef = 551D0CF21E5D3807000D0696 /* YJYYLocationManagerTests.m */; };
		551D0CFE1E5D3807000D0696 /* YJYYLocationManagerUITests.m in Sources */ = {isa = PBXBuildFile; fileRef = 551D0CFD1E5D3807000D0696 /* YJYYLocationManagerUITests.m */; };
		551D0D0E1E5D3839000D0696 /* YJYYLocationManager.m in Sources */ = {isa = PBXBuildFile; fileRef = 551D0D0D1E5D3839000D0696 /* YJYYLocationManager.m */; };
/* End PBXBuildFile section */

/* Begin PBXContainerItemProxy section */
		551D0CEF1E5D3807000D0696 /* PBXContainerItemProxy */ = {
			isa = PBXContainerItemProxy;
			containerPortal = 551D0CCD1E5D3806000D0696 /* Project object */;
			proxyType = 1;
			remoteGlobalIDString = 551D0CD41E5D3806000D0696;
			remoteInfo = YJYYLocationManager;
		};
		551D0CFA1E5D3807000D0696 /* PBXContainerItemProxy */ = {
			isa = PBXContainerItemProxy;
			containerPortal = 551D0CCD1E5D3806000D0696 /* Project object */;
			proxyType = 1;
			remoteGlobalIDString = 551D0CD41E5D3806000D0696;
			remoteInfo = YJYYLocationManager;
		};
/* End PBXContainerItemProxy section */

/* Begin PBXFileReference section */
		551D0CD51E5D3806000D0696 /* YJYYLocationManager.app */ = {isa = PBXFileReference; explicitFileType = wrapper.application; includeInIndex = 0; path = YJYYLocationManager.app; sourceTree = BUILT_PRODUCTS_DIR; };
		551D0CD91E5D3806000D0696 /* main.m */ = {isa = PBXFileReference; lastKnownFileType = sourcecode.c.objc; path = main.m; sourceTree = "<group>"; };
		551D0CDB1E5D3806000D0696 /* AppDelegate.h */ = {isa = PBXFileReference; lastKnownFileType = sourcecode.c.h; path = AppDelegate.h; sourceTree = "<group>"; };
		551D0CDC1E5D3806000D0696 /* AppDelegate.m */ = {isa = PBXFileReference; lastKnownFileType = sourcecode.c.objc; path = AppDelegate.m; sourceTree = "<group>"; };
		551D0CDE1E5D3806000D0696 /* ViewController.h */ = {isa = PBXFileReference; lastKnownFileType = sourcecode.c.h; path = ViewController.h; sourceTree = "<group>"; };
		551D0CDF1E5D3806000D0696 /* ViewController.m */ = {isa = PBXFileReference; lastKnownFileType = sourcecode.c.objc; path = ViewController.m; sourceTree = "<group>"; };
		551D0CE21E5D3806000D0696 /* Base */ = {isa = PBXFileReference; lastKnownFileType = file.storyboard; name = Base; path = Base.lproj/Main.storyboard; sourceTree = "<group>"; };
		551D0CE41E5D3806000D0696 /* Assets.xcassets */ = {isa = PBXFileReference; lastKnownFileType = folder.assetcatalog; path = Assets.xcassets; sourceTree = "<group>"; };
		551D0CE71E5D3806000D0696 /* Base */ = {isa = PBXFileReference; lastKnownFileType = file.storyboard; name = Base; path = Base.lproj/LaunchScreen.storyboard; sourceTree = "<group>"; };
		551D0CE91E5D3806000D0696 /* Info.plist */ = {isa = PBXFileReference; lastKnownFileType = text.plist.xml; path = Info.plist; sourceTree = "<group>"; };
		551D0CEE1E5D3807000D0696 /* YJYYLocationManagerTests.xctest */ = {isa = PBXFileReference; explicitFileType = wrapper.cfbundle; includeInIndex = 0; path = YJYYLocationManagerTests.xctest; sourceTree = BUILT_PRODUCTS_DIR; };
		551D0CF21E5D3807000D0696 /* YJYYLocationManagerTests.m */ = {isa = PBXFileReference; lastKnownFileType = sourcecode.c.objc; path = YJYYLocationManagerTests.m; sourceTree = "<group>"; };
		551D0CF41E5D3807000D0696 /* Info.plist */ = {isa = PBXFileReference; lastKnownFileType = text.plist.xml; path = Info.plist; sourceTree = "<group>"; };
		551D0CF91E5D3807000D0696 /* YJYYLocationManagerUITests.xctest */ = {isa = PBXFileReference; explicitFileType = wrapper.cfbundle; includeInIndex = 0; path = YJYYLocationManagerUITests.xctest; sourceTree = BUILT_PRODUCTS_DIR; };
		551D0CFD1E5D3807000D0696 /* YJYYLocationManagerUITests.m */ = {isa = PBXFileReference; lastKnownFileType = sourcecode.c.objc; path = YJYYLocationManagerUITests.m; sourceTree = "<group>"; };
		551D0CFF1E5D3807000D0696 /* Info.plist */ = {isa = PBXFileReference; lastKnownFileType = text.plist.xml; path = Info.plist; sourceTree = "<group>"; };
		551D0D0C1E5D3839000D0696 /* YJYYLocationManager.h */ = {isa = PBXFileReference; fileEncoding = 4; lastKnownFileType = sourcecode.c.h; path = YJYYLocationManager.h; sourceTree = "<group>"; };
		551D0D0D1E5D3839000D0696 /* YJYYLocationManager.m */ = {isa = PBXFileReference; fileEncoding = 4; lastKnownFileType = sourcecode.c.objc; path = YJYYLocationManager.m; sourceTree = "<group>"; };
/* End PBXFileReference section */

/* Begin PBXFrameworksBuildPhase section */
		551D0CD21E5D3806000D0696 /* Frameworks */ = {
			isa = PBXFrameworksBuildPhase;
			buildActionMask = 2147483647;
			files = (
			);
			runOnlyForDeploymentPostprocessing = 0;
		};
		551D0CEB1E5D3807000D0696 /* Frameworks */ = {
			isa = PBXFrameworksBuildPhase;
			buildActionMask = 2147483647;
			files = (
			);
			runOnlyForDeploymentPostprocessing = 0;
		};
		551D0CF61E5D3807000D0696 /* Frameworks */ = {
			isa = PBXFrameworksBuildPhase;
			buildActionMask = 2147483647;
			files = (
			);
			runOnlyForDeploymentPostprocessing = 0;
		};
/* End PBXFrameworksBuildPhase section */

/* Begin PBXGroup section */
		551D0CCC1E5D3806000D0696 = {
			isa = PBXGroup;
			children = (
				551D0CD71E5D3806000D0696 /* YJYYLocationManager */,
				551D0CF11E5D3807000D0696 /* YJYYLocationManagerTests */,
				551D0CFC1E5D3807000D0696 /* YJYYLocationManagerUITests */,
				551D0CD61E5D3806000D0696 /* Products */,
			);
			sourceTree = "<group>";
		};
		551D0CD61E5D3806000D0696 /* Products */ = {
			isa = PBXGroup;
			children = (
				551D0CD51E5D3806000D0696 /* YJYYLocationManager.app */,
				551D0CEE1E5D3807000D0696 /* YJYYLocationManagerTests.xctest */,
				551D0CF91E5D3807000D0696 /* YJYYLocationManagerUITests.xctest */,
			);
			name = Products;
			sourceTree = "<group>";
		};
		551D0CD71E5D3806000D0696 /* YJYYLocationManager */ = {
			isa = PBXGroup;
			children = (
				551D0D0B1E5D3826000D0696 /* YJYYLocationManager */,
				551D0CDB1E5D3806000D0696 /* AppDelegate.h */,
				551D0CDC1E5D3806000D0696 /* AppDelegate.m */,
				551D0CDE1E5D3806000D0696 /* ViewController.h */,
				551D0CDF1E5D3806000D0696 /* ViewController.m */,
				551D0CE11E5D3806000D0696 /* Main.storyboard */,
				551D0CE41E5D3806000D0696 /* Assets.xcassets */,
				551D0CE61E5D3806000D0696 /* LaunchScreen.storyboard */,
				551D0CE91E5D3806000D0696 /* Info.plist */,
				551D0CD81E5D3806000D0696 /* Supporting Files */,
			);
			path = YJYYLocationManager;
			sourceTree = "<group>";
		};
		551D0CD81E5D3806000D0696 /* Supporting Files */ = {
			isa = PBXGroup;
			children = (
				551D0CD91E5D3806000D0696 /* main.m */,
			);
			name = "Supporting Files";
			sourceTree = "<group>";
		};
		551D0CF11E5D3807000D0696 /* YJYYLocationManagerTests */ = {
			isa = PBXGroup;
			children = (
				551D0CF21E5D3807000D0696 /* YJYYLocationManagerTests.m */,
				551D0CF41E5D3807000D0696 /* Info.plist */,
			);
			path = YJYYLocationManagerTests;
			sourceTree = "<group>";
		};
		551D0CFC1E5D3807000D0696 /* YJYYLocationManagerUITests */ = {
			isa = PBXGroup;
			children = (
				551D0CFD1E5D3807000D0696 /* YJYYLocationManagerUITests.m */,
				551D0CFF1E5D3807000D0696 /* Info.plist */,
			);
			path = YJYYLocationManagerUITests;
			sourceTree = "<group>";
		};
		551D0D0B1E5D3826000D0696 /* YJYYLocationManager */ = {
			isa = PBXGroup;
			children = (
				551D0D0C1E5D3839000D0696 /* YJYYLocationManager.h */,
				551D0D0D1E5D3839000D0696 /* YJYYLocationManager.m */,
			);
			path = YJYYLocationManager;
			sourceTree = "<group>";
		};
/* End PBXGroup section */

/* Begin PBXNativeTarget section */
		551D0CD41E5D3806000D0696 /* YJYYLocationManager */ = {
			isa = PBXNativeTarget;
			buildConfigurationList = 551D0D021E5D3807000D0696 /* Build configuration list for PBXNativeTarget "YJYYLocationManager" */;
			buildPhases = (
				551D0CD11E5D3806000D0696 /* Sources */,
				551D0CD21E5D3806000D0696 /* Frameworks */,
				551D0CD31E5D3806000D0696 /* Resources */,
			);
			buildRules = (
			);
			dependencies = (
			);
			name = YJYYLocationManager;
			productName = YJYYLocationManager;
			productReference = 551D0CD51E5D3806000D0696 /* YJYYLocationManager.app */;
			productType = "com.apple.product-type.application";
		};
		551D0CED1E5D3807000D0696 /* YJYYLocationManagerTests */ = {
			isa = PBXNativeTarget;
			buildConfigurationList = 551D0D051E5D3807000D0696 /* Build configuration list for PBXNativeTarget "YJYYLocationManagerTests" */;
			buildPhases = (
				551D0CEA1E5D3807000D0696 /* Sources */,
				551D0CEB1E5D3807000D0696 /* Frameworks */,
				551D0CEC1E5D3807000D0696 /* Resources */,
			);
			buildRules = (
			);
			dependencies = (
				551D0CF01E5D3807000D0696 /* PBXTargetDependency */,
			);
			name = YJYYLocationManagerTests;
			productName = YJYYLocationManagerTests;
			productReference = 551D0CEE1E5D3807000D0696 /* YJYYLocationManagerTests.xctest */;
			productType = "com.apple.product-type.bundle.unit-test";
		};
		551D0CF81E5D3807000D0696 /* YJYYLocationManagerUITests */ = {
			isa = PBXNativeTarget;
			buildConfigurationList = 551D0D081E5D3807000D0696 /* Build configuration list for PBXNativeTarget "YJYYLocationManagerUITests" */;
			buildPhases = (
				551D0CF51E5D3807000D0696 /* Sources */,
				551D0CF61E5D3807000D0696 /* Frameworks */,
				551D0CF71E5D3807000D0696 /* Resources */,
			);
			buildRules = (
			);
			dependencies = (
				551D0CFB1E5D3807000D0696 /* PBXTargetDependency */,
			);
			name = YJYYLocationManagerUITests;
			productName = YJYYLocationManagerUITests;
			productReference = 551D0CF91E5D3807000D0696 /* YJYYLocationManagerUITests.xctest */;
			productType = "com.apple.product-type.bundle.ui-testing";
		};
/* End PBXNativeTarget section */

/* Begin PBXProject section */
		551D0CCD1E5D3806000D0696 /* Project object */ = {
			isa = PBXProject;
			attributes = {
				LastUpgradeCheck = 0820;
				ORGANIZATIONNAME = "遇见远洋";
				TargetAttributes = {
					551D0CD41E5D3806000D0696 = {
						CreatedOnToolsVersion = 8.2;
						DevelopmentTeam = 2676V63KP4;
						ProvisioningStyle = Automatic;
					};
					551D0CED1E5D3807000D0696 = {
						CreatedOnToolsVersion = 8.2;
						ProvisioningStyle = Automatic;
						TestTargetID = 551D0CD41E5D3806000D0696;
					};
					551D0CF81E5D3807000D0696 = {
						CreatedOnToolsVersion = 8.2;
						ProvisioningStyle = Automatic;
						TestTargetID = 551D0CD41E5D3806000D0696;
					};
				};
			};
			buildConfigurationList = 551D0CD01E5D3806000D0696 /* Build configuration list for PBXProject "YJYYLocationManager" */;
			compatibilityVersion = "Xcode 3.2";
			developmentRegion = English;
			hasScannedForEncodings = 0;
			knownRegions = (
				en,
				Base,
			);
			mainGroup = 551D0CCC1E5D3806000D0696;
			productRefGroup = 551D0CD61E5D3806000D0696 /* Products */;
			projectDirPath = "";
			projectRoot = "";
			targets = (
				551D0CD41E5D3806000D0696 /* YJYYLocationManager */,
				551D0CED1E5D3807000D0696 /* YJYYLocationManagerTests */,
				551D0CF81E5D3807000D0696 /* YJYYLocationManagerUITests */,
			);
		};
/* End PBXProject section */

/* Begin PBXResourcesBuildPhase section */
		551D0CD31E5D3806000D0696 /* Resources */ = {
			isa = PBXResourcesBuildPhase;
			buildActionMask = 2147483647;
			files = (
				551D0CE81E5D3806000D0696 /* LaunchScreen.storyboard in Resources */,
				551D0CE51E5D3806000D0696 /* Assets.xcassets in Resources */,
				551D0CE31E5D3806000D0696 /* Main.storyboard in Resources */,
			);
			runOnlyForDeploymentPostprocessing = 0;
		};
		551D0CEC1E5D3807000D0696 /* Resources */ = {
			isa = PBXResourcesBuildPhase;
			buildActionMask = 2147483647;
			files = (
			);
			runOnlyForDeploymentPostprocessing = 0;
		};
		551D0CF71E5D3807000D0696 /* Resources */ = {
			isa = PBXResourcesBuildPhase;
			buildActionMask = 2147483647;
			files = (
			);
			runOnlyForDeploymentPostprocessing = 0;
		};
/* End PBXResourcesBuildPhase section */

/* Begin PBXSourcesBuildPhase section */
		551D0CD11E5D3806000D0696 /* Sources */ = {
			isa = PBXSourcesBuildPhase;
			buildActionMask = 2147483647;
			files = (
				551D0CE01E5D3806000D0696 /* ViewController.m in Sources */,
				551D0D0E1E5D3839000D0696 /* YJYYLocationManager.m in Sources */,
				551D0CDD1E5D3806000D0696 /* AppDelegate.m in Sources */,
				551D0CDA1E5D3806000D0696 /* main.m in Sources */,
			);
			runOnlyForDeploymentPostprocessing = 0;
		};
		551D0CEA1E5D3807000D0696 /* Sources */ = {
			isa = PBXSourcesBuildPhase;
			buildActionMask = 2147483647;
			files = (
				551D0CF31E5D3807000D0696 /* YJYYLocationManagerTests.m in Sources */,
			);
			runOnlyForDeploymentPostprocessing = 0;
		};
		551D0CF51E5D3807000D0696 /* Sources */ = {
			isa = PBXSourcesBuildPhase;
			buildActionMask = 2147483647;
			files = (
				551D0CFE1E5D3807000D0696 /* YJYYLocationManagerUITests.m in Sources */,
			);
			runOnlyForDeploymentPostprocessing = 0;
		};
/* End PBXSourcesBuildPhase section */

/* Begin PBXTargetDependency section */
		551D0CF01E5D3807000D0696 /* PBXTargetDependency */ = {
			isa = PBXTargetDependency;
			target = 551D0CD41E5D3806000D0696 /* YJYYLocationManager */;
			targetProxy = 551D0CEF1E5D3807000D0696 /* PBXContainerItemProxy */;
		};
		551D0CFB1E5D3807000D0696 /* PBXTargetDependency */ = {
			isa = PBXTargetDependency;
			target = 551D0CD41E5D3806000D0696 /* YJYYLocationManager */;
			targetProxy = 551D0CFA1E5D3807000D0696 /* PBXContainerItemProxy */;
		};
/* End PBXTargetDependency section */

/* Begin PBXVariantGroup section */
		551D0CE11E5D3806000D0696 /* Main.storyboard */ = {
			isa = PBXVariantGroup;
			children = (
				551D0CE21E5D3806000D0696 /* Base */,
			);
			name = Main.storyboard;
			sourceTree = "<group>";
		};
		551D0CE61E5D3806000D0696 /* LaunchScreen.storyboard */ = {
			isa = PBXVariantGroup;
			children = (
				551D0CE71E5D3806000D0696 /* Base */,
			);
			name = LaunchScreen.storyboard;
			sourceTree = "<group>";
		};
/* End PBXVariantGroup section */

/* Begin XCBuildConfiguration section */
		551D0D001E5D3807000D0696 /* Debug */ = {
			isa = XCBuildConfiguration;
			buildSettings = {
				ALWAYS_SEARCH_USER_PATHS = NO;
				CLANG_ANALYZER_NONNULL = YES;
				CLANG_CXX_LANGUAGE_STANDARD = "gnu++0x";
				CLANG_CXX_LIBRARY = "libc++";
				CLANG_ENABLE_MODULES = YES;
				CLANG_ENABLE_OBJC_ARC = YES;
				CLANG_WARN_BOOL_CONVERSION = YES;
				CLANG_WARN_CONSTANT_CONVERSION = YES;
				CLANG_WARN_DIRECT_OBJC_ISA_USAGE = YES_ERROR;
				CLANG_WARN_DOCUMENTATION_COMMENTS = YES;
				CLANG_WARN_EMPTY_BODY = YES;
				CLANG_WARN_ENUM_CONVERSION = YES;
				CLANG_WARN_INFINITE_RECURSION = YES;
				CLANG_WARN_INT_CONVERSION = YES;
				CLANG_WARN_OBJC_ROOT_CLASS = YES_ERROR;
				CLANG_WARN_SUSPICIOUS_MOVE = YES;
				CLANG_WARN_UNREACHABLE_CODE = YES;
				CLANG_WARN__DUPLICATE_METHOD_MATCH = YES;
				"CODE_SIGN_IDENTITY[sdk=iphoneos*]" = "iPhone Developer";
				COPY_PHASE_STRIP = NO;
				DEBUG_INFORMATION_FORMAT = dwarf;
				ENABLE_STRICT_OBJC_MSGSEND = YES;
				ENABLE_TESTABILITY = YES;
				GCC_C_LANGUAGE_STANDARD = gnu99;
				GCC_DYNAMIC_NO_PIC = NO;
				GCC_NO_COMMON_BLOCKS = YES;
				GCC_OPTIMIZATION_LEVEL = 0;
				GCC_PREPROCESSOR_DEFINITIONS = (
					"DEBUG=1",
					"$(inherited)",
				);
				GCC_WARN_64_TO_32_BIT_CONVERSION = YES;
				GCC_WARN_ABOUT_RETURN_TYPE = YES_ERROR;
				GCC_WARN_UNDECLARED_SELECTOR = YES;
				GCC_WARN_UNINITIALIZED_AUTOS = YES_AGGRESSIVE;
				GCC_WARN_UNUSED_FUNCTION = YES;
				GCC_WARN_UNUSED_VARIABLE = YES;
				IPHONEOS_DEPLOYMENT_TARGET = 10.2;
				MTL_ENABLE_DEBUG_INFO = YES;
				ONLY_ACTIVE_ARCH = YES;
				SDKROOT = iphoneos;
				TARGETED_DEVICE_FAMILY = "1,2";
			};
			name = Debug;
		};
		551D0D011E5D3807000D0696 /* Release */ = {
			isa = XCBuildConfiguration;
			buildSettings = {
				ALWAYS_SEARCH_USER_PATHS = NO;
				CLANG_ANALYZER_NONNULL = YES;
				CLANG_CXX_LANGUAGE_STANDARD = "gnu++0x";
				CLANG_CXX_LIBRARY = "libc++";
				CLANG_ENABLE_MODULES = YES;
				CLANG_ENABLE_OBJC_ARC = YES;
				CLANG_WARN_BOOL_CONVERSION = YES;
				CLANG_WARN_CONSTANT_CONVERSION = YES;
				CLANG_WARN_DIRECT_OBJC_ISA_USAGE = YES_ERROR;
				CLANG_WARN_DOCUMENTATION_COMMENTS = YES;
				CLANG_WARN_EMPTY_BODY = YES;
				CLANG_WARN_ENUM_CONVERSION = YES;
				CLANG_WARN_INFINITE_RECURSION = YES;
				CLANG_WARN_INT_CONVERSION = YES;
				CLANG_WARN_OBJC_ROOT_CLASS = YES_ERROR;
				CLANG_WARN_SUSPICIOUS_MOVE = YES;
				CLANG_WARN_UNREACHABLE_CODE = YES;
				CLANG_WARN__DUPLICATE_METHOD_MATCH = YES;
				"CODE_SIGN_IDENTITY[sdk=iphoneos*]" = "iPhone Developer";
				COPY_PHASE_STRIP = NO;
				DEBUG_INFORMATION_FORMAT = "dwarf-with-dsym";
				ENABLE_NS_ASSERTIONS = NO;
				ENABLE_STRICT_OBJC_MSGSEND = YES;
				GCC_C_LANGUAGE_STANDARD = gnu99;
				GCC_NO_COMMON_BLOCKS = YES;
				GCC_WARN_64_TO_32_BIT_CONVERSION = YES;
				GCC_WARN_ABOUT_RETURN_TYPE = YES_ERROR;
				GCC_WARN_UNDECLARED_SELECTOR = YES;
				GCC_WARN_UNINITIALIZED_AUTOS = YES_AGGRESSIVE;
				GCC_WARN_UNUSED_FUNCTION = YES;
				GCC_WARN_UNUSED_VARIABLE = YES;
				IPHONEOS_DEPLOYMENT_TARGET = 10.2;
				MTL_ENABLE_DEBUG_INFO = NO;
				SDKROOT = iphoneos;
				TARGETED_DEVICE_FAMILY = "1,2";
				VALIDATE_PRODUCT = YES;
			};
			name = Release;
		};
		551D0D031E5D3807000D0696 /* Debug */ = {
			isa = XCBuildConfiguration;
			buildSettings = {
				ASSETCATALOG_COMPILER_APPICON_NAME = AppIcon;
				DEVELOPMENT_TEAM = 2676V63KP4;
				INFOPLIST_FILE = YJYYLocationManager/Info.plist;
				LD_RUNPATH_SEARCH_PATHS = "$(inherited) @executable_path/Frameworks";
				PRODUCT_BUNDLE_IDENTIFIER = com.guoyi.YJYYLocationManager;
				PRODUCT_NAME = "$(TARGET_NAME)";
			};
			name = Debug;
		};
		551D0D041E5D3807000D0696 /* Release */ = {
			isa = XCBuildConfiguration;
			buildSettings = {
				ASSETCATALOG_COMPILER_APPICON_NAME = AppIcon;
				DEVELOPMENT_TEAM = 2676V63KP4;
				INFOPLIST_FILE = YJYYLocationManager/Info.plist;
				LD_RUNPATH_SEARCH_PATHS = "$(inherited) @executable_path/Frameworks";
				PRODUCT_BUNDLE_IDENTIFIER = com.guoyi.YJYYLocationManager;
				PRODUCT_NAME = "$(TARGET_NAME)";
			};
			name = Release;
		};
		551D0D061E5D3807000D0696 /* Debug */ = {
			isa = XCBuildConfiguration;
			buildSettings = {
				BUNDLE_LOADER = "$(TEST_HOST)";
				INFOPLIST_FILE = YJYYLocationManagerTests/Info.plist;
				LD_RUNPATH_SEARCH_PATHS = "$(inherited) @executable_path/Frameworks @loader_path/Frameworks";
				PRODUCT_BUNDLE_IDENTIFIER = com.guoyi.YJYYLocationManagerTests;
				PRODUCT_NAME = "$(TARGET_NAME)";
				TEST_HOST = "$(BUILT_PRODUCTS_DIR)/YJYYLocationManager.app/YJYYLocationManager";
			};
			name = Debug;
		};
		551D0D071E5D3807000D0696 /* Release */ = {
			isa = XCBuildConfiguration;
			buildSettings = {
				BUNDLE_LOADER = "$(TEST_HOST)";
				INFOPLIST_FILE = YJYYLocationManagerTests/Info.plist;
				LD_RUNPATH_SEARCH_PATHS = "$(inherited) @executable_path/Frameworks @loader_path/Frameworks";
				PRODUCT_BUNDLE_IDENTIFIER = com.guoyi.YJYYLocationManagerTests;
				PRODUCT_NAME = "$(TARGET_NAME)";
				TEST_HOST = "$(BUILT_PRODUCTS_DIR)/YJYYLocationManager.app/YJYYLocationManager";
			};
			name = Release;
		};
		551D0D091E5D3807000D0696 /* Debug */ = {
			isa = XCBuildConfiguration;
			buildSettings = {
				INFOPLIST_FILE = YJYYLocationManagerUITests/Info.plist;
				LD_RUNPATH_SEARCH_PATHS = "$(inherited) @executable_path/Frameworks @loader_path/Frameworks";
				PRODUCT_BUNDLE_IDENTIFIER = com.guoyi.YJYYLocationManagerUITests;
				PRODUCT_NAME = "$(TARGET_NAME)";
				TEST_TARGET_NAME = YJYYLocationManager;
			};
			name = Debug;
		};
		551D0D0A1E5D3807000D0696 /* Release */ = {
			isa = XCBuildConfiguration;
			buildSettings = {
				INFOPLIST_FILE = YJYYLocationManagerUITests/Info.plist;
				LD_RUNPATH_SEARCH_PATHS = "$(inherited) @executable_path/Frameworks @loader_path/Frameworks";
				PRODUCT_BUNDLE_IDENTIFIER = com.guoyi.YJYYLocationManagerUITests;
				PRODUCT_NAME = "$(TARGET_NAME)";
				TEST_TARGET_NAME = YJYYLocationManager;
			};
			name = Release;
		};
/* End XCBuildConfiguration section */

/* Begin XCConfigurationList section */
		551D0CD01E5D3806000D0696 /* Build configuration list for PBXProject "YJYYLocationManager" */ = {
			isa = XCConfigurationList;
			buildConfigurations = (
				551D0D001E5D3807000D0696 /* Debug */,
				551D0D011E5D3807000D0696 /* Release */,
			);
			defaultConfigurationIsVisible = 0;
			defaultConfigurationName = Release;
		};
		551D0D021E5D3807000D0696 /* Build configuration list for PBXNativeTarget "YJYYLocationManager" */ = {
			isa = XCConfigurationList;
			buildConfigurations = (
				551D0D031E5D3807000D0696 /* Debug */,
				551D0D041E5D3807000D0696 /* Release */,
			);
			defaultConfigurationIsVisible = 0;
		};
		551D0D051E5D3807000D0696 /* Build configuration list for PBXNativeTarget "YJYYLocationManagerTests" */ = {
			isa = XCConfigurationList;
			buildConfigurations = (
				551D0D061E5D3807000D0696 /* Debug */,
				551D0D071E5D3807000D0696 /* Release */,
			);
			defaultConfigurationIsVisible = 0;
		};
		551D0D081E5D3807000D0696 /* Build configuration list for PBXNativeTarget "YJYYLocationManagerUITests" */ = {
			isa = XCConfigurationList;
			buildConfigurations = (
				551D0D091E5D3807000D0696 /* Debug */,
				551D0D0A1E5D3807000D0696 /* Release */,
			);
			defaultConfigurationIsVisible = 0;
		};
/* End XCConfigurationList section */
	};
	rootObject = 551D0CCD1E5D3806000D0696 /* Project object */;
}
